
Microsoft Visual Studio Solution File, Format Version 12.00
# Visual Studio Version 17
VisualStudioVersion = 17.10.35004.147
MinimumVisualStudioVersion = 10.0.40219.1
Project("{8BC9CEB8-8B4A-11D0-8D11-00A0C91BC942}") = "Algorythmization Lab 05_3", "Algorythmization Lab 05_3\Algorythmization Lab 05_3.vcxproj", "{40F6B43C-2296-4EAD-BB60-A0C42C01131E}"
EndProject
Project("{8BC9CEB8-8B4A-11D0-8D11-00A0C91BC942}") = "UnitTest1", "UnitTest1\UnitTest1.vcxproj", "{9E6B035C-84CA-4883-AE0C-5D6E098C781E}"
EndProject
Global
	GlobalSection(SolutionConfigurationPlatforms) = preSolution
		Debug|x64 = Debug|x64
		Debug|x86 = Debug|x86
		Release|x64 = Release|x64
		Release|x86 = Release|x86
	EndGlobalSection
	GlobalSection(ProjectConfigurationPlatforms) = postSolution
		{40F6B43C-2296-4EAD-BB60-A0C42C01131E}.Debug|x64.ActiveCfg = Debug|x64
		{40F6B43C-2296-4EAD-BB60-A0C42C01131E}.Debug|x64.Build.0 = Debug|x64
		{40F6B43C-2296-4EAD-BB60-A0C42C01131E}.Debug|x86.ActiveCfg = Debug|Win32
		{40F6B43C-2296-4EAD-BB60-A0C42C01131E}.Debug|x86.Build.0 = Debug|Win32
		{40F6B43C-2296-4EAD-BB60-A0C42C01131E}.Release|x64.ActiveCfg = Release|x64
		{40F6B43C-2296-4EAD-BB60-A0C42C01131E}.Release|x64.Build.0 = Release|x64
		{40F6B43C-2296-4EAD-BB60-A0C42C01131E}.Release|x86.ActiveCfg = Release|Win32
		{40F6B43C-2296-4EAD-BB60-A0C42C01131E}.Release|x86.Build.0 = Release|Win32
		{9E6B035C-84CA-4883-AE0C-5D6E098C781E}.Debug|x64.ActiveCfg = Debug|x64
		{9E6B035C-84CA-4883-AE0C-5D6E098C781E}.Debug|x64.Build.0 = Debug|x64
		{9E6B035C-84CA-4883-AE0C-5D6E098C781E}.Debug|x86.ActiveCfg = Debug|Win32
		{9E6B035C-84CA-4883-AE0C-5D6E098C781E}.Debug|x86.Build.0 = Debug|Win32
		{9E6B035C-84CA-4883-AE0C-5D6E098C781E}.Release|x64.ActiveCfg = Release|x64
		{9E6B035C-84CA-4883-AE0C-5D6E098C781E}.Release|x64.Build.0 = Release|x64
		{9E6B035C-84CA-4883-AE0C-5D6E098C781E}.Release|x86.ActiveCfg = Release|Win32
		{9E6B035C-84CA-4883-AE0C-5D6E098C781E}.Release|x86.Build.0 = Release|Win32
	EndGlobalSection
	GlobalSection(SolutionProperties) = preSolution
		HideSolutionNode = FALSE
	EndGlobalSection
	GlobalSection(ExtensibilityGlobals) = postSolution
		SolutionGuid = {84E87A0A-3E06-4A28-ADB6-E73B4801E6B8}
	EndGlobalSection
EndGlobal
